{
  "requires": true,
  "lockfileVersion": 1,
  "dependencies": {
    "maven": {
      "version": "4.4.1",
      "resolved": "https://registry.npmjs.org/maven/-/maven-4.4.1.tgz",
      "integrity": "sha512-06wjkPxSX8WbIhjm8gKi+MZfpbFuP60tJVhTT0sDV/T2u8N+v1s6DwsgWDacHjFVo4gY9lnlhtx45tQbcUS9xw=="
    }
  }
}
